
Microsoft Visual Studio Solution File, Format Version 12.00
# Visual Studio Version 16
VisualStudioVersion = 16.0.29613.14
MinimumVisualStudioVersion = 10.0.40219.1
Project("{FAE04EC0-301F-11D3-BF4B-00C04F79EFBC}") = "PlatziBadges.Spa", "PlatziBadges.Spa\PlatziBadges.Spa.csproj", "{B62B352F-DB16-4AF3-8105-29B9B9C693B7}"
EndProject
Global
	GlobalSection(SolutionConfigurationPlatforms) = preSolution
		Debug|Any CPU = Debug|Any CPU
		Release|Any CPU = Release|Any CPU
	EndGlobalSection
	GlobalSection(ProjectConfigurationPlatforms) = postSolution
		{B62B352F-DB16-4AF3-8105-29B9B9C693B7}.Debug|Any CPU.ActiveCfg = Debug|Any CPU
		{B62B352F-DB16-4AF3-8105-29B9B9C693B7}.Debug|Any CPU.Build.0 = Debug|Any CPU
		{B62B352F-DB16-4AF3-8105-29B9B9C693B7}.Release|Any CPU.ActiveCfg = Release|Any CPU
		{B62B352F-DB16-4AF3-8105-29B9B9C693B7}.Release|Any CPU.Build.0 = Release|Any CPU
	EndGlobalSection
	GlobalSection(SolutionProperties) = preSolution
		HideSolutionNode = FALSE
	EndGlobalSection
	GlobalSection(ExtensibilityGlobals) = postSolution
		SolutionGuid = {40B7B2F2-69BC-4CA5-8752-AADF4B6731B3}
	EndGlobalSection
EndGlobal
